{
  "requires": true,
  "lockfileVersion": 1,
  "dependencies": {
    "angular-2-dropdown-multiselect": {
      "version": "1.8.0",
      "resolved": "https://registry.npmjs.org/angular-2-dropdown-multiselect/-/angular-2-dropdown-multiselect-1.8.0.tgz",
      "integrity": "sha512-24bur72LS3FF1nOpjtIusn65NVsMU0FMwBX7eZXhw3b6uIWjyALcWe7yzSTIfOKEMSSfTc85k2nQMwkY1rVhHA==",
      "requires": {
        "tslib": "1.9.3"
      }
    },
    "tslib": {
      "version": "1.9.3",
      "resolved": "https://registry.npmjs.org/tslib/-/tslib-1.9.3.tgz",
      "integrity": "sha512-4krF8scpejhaOgqzBEcGM7yDIEfi0/8+8zDRZhNZZ2kjmHJ4hv3zCbQWxoJGz1iw5U0Jl0nma13xzHXcncMavQ=="
    }
  }
}
